
Microsoft Visual Studio Solution File, Format Version 12.00
# Visual Studio Version 17
VisualStudioVersion = 17.14.36221.1 d17.14
MinimumVisualStudioVersion = 10.0.40219.1
Project("{FAE04EC0-301F-11D3-BF4B-00C04F79EFBC}") = "GUI_Programmering_WebApi", "GUI_Programmering_WebApi\GUI_Programmering_WebApi.csproj", "{8F49D4EC-04D9-4244-9CB6-8B4A08819C97}"
EndProject
Global
	GlobalSection(SolutionConfigurationPlatforms) = preSolution
		Debug|Any CPU = Debug|Any CPU
		Release|Any CPU = Release|Any CPU
	EndGlobalSection
	GlobalSection(ProjectConfigurationPlatforms) = postSolution
		{8F49D4EC-04D9-4244-9CB6-8B4A08819C97}.Debug|Any CPU.ActiveCfg = Debug|Any CPU
		{8F49D4EC-04D9-4244-9CB6-8B4A08819C97}.Debug|Any CPU.Build.0 = Debug|Any CPU
		{8F49D4EC-04D9-4244-9CB6-8B4A08819C97}.Release|Any CPU.ActiveCfg = Release|Any CPU
		{8F49D4EC-04D9-4244-9CB6-8B4A08819C97}.Release|Any CPU.Build.0 = Release|Any CPU
	EndGlobalSection
	GlobalSection(SolutionProperties) = preSolution
		HideSolutionNode = FALSE
	EndGlobalSection
	GlobalSection(ExtensibilityGlobals) = postSolution
		SolutionGuid = {EB6F3D98-1674-44B9-BF50-50EB04E679B1}
	EndGlobalSection
EndGlobal
